# THIS IS AN AUTOGENERATED FILE. DO NOT EDIT THIS FILE DIRECTLY.
# yarn lockfile v1


vee-validate@^3.0.6:
  version "3.0.7"
  resolved "https://registry.yarnpkg.com/vee-validate/-/vee-validate-3.0.7.tgz#72ee2de97da2cb775a173f98c6ab516c1dc1b57c"
  integrity sha512-azEJeFTV/9AOjzSl1NuZgB70bMSatkUEnyZPrx2eUiqhcvqbG1kbZ3yIoH5sfICePWaiYnksVwTSi01IdDhXVw==
